
Microsoft Visual Studio Solution File, Format Version 12.00
# Visual Studio Version 16
VisualStudioVersion = 16.0.30225.117
MinimumVisualStudioVersion = 10.0.40219.1
Project("{FAE04EC0-301F-11D3-BF4B-00C04F79EFBC}") = "Mood analyzer", "Mood analyzer\Mood analyzer.csproj", "{40BC13FE-31CF-4508-94BC-A8EC517D40D8}"
EndProject
Project("{FAE04EC0-301F-11D3-BF4B-00C04F79EFBC}") = "MoodanalyzerTest", "MoodanalyzerTest\MoodanalyzerTest.csproj", "{04F6FA99-FD20-4691-80CF-B6679E274CE5}"
EndProject
Global
	GlobalSection(SolutionConfigurationPlatforms) = preSolution
		Debug|Any CPU = Debug|Any CPU
		Release|Any CPU = Release|Any CPU
	EndGlobalSection
	GlobalSection(ProjectConfigurationPlatforms) = postSolution
		{40BC13FE-31CF-4508-94BC-A8EC517D40D8}.Debug|Any CPU.ActiveCfg = Debug|Any CPU
		{40BC13FE-31CF-4508-94BC-A8EC517D40D8}.Debug|Any CPU.Build.0 = Debug|Any CPU
		{40BC13FE-31CF-4508-94BC-A8EC517D40D8}.Release|Any CPU.ActiveCfg = Release|Any CPU
		{40BC13FE-31CF-4508-94BC-A8EC517D40D8}.Release|Any CPU.Build.0 = Release|Any CPU
		{04F6FA99-FD20-4691-80CF-B6679E274CE5}.Debug|Any CPU.ActiveCfg = Debug|Any CPU
		{04F6FA99-FD20-4691-80CF-B6679E274CE5}.Debug|Any CPU.Build.0 = Debug|Any CPU
		{04F6FA99-FD20-4691-80CF-B6679E274CE5}.Release|Any CPU.ActiveCfg = Release|Any CPU
		{04F6FA99-FD20-4691-80CF-B6679E274CE5}.Release|Any CPU.Build.0 = Release|Any CPU
	EndGlobalSection
	GlobalSection(SolutionProperties) = preSolution
		HideSolutionNode = FALSE
	EndGlobalSection
	GlobalSection(ExtensibilityGlobals) = postSolution
		SolutionGuid = {3221EB1C-29C5-4E52-BF93-26EC8AAC0DD8}
	EndGlobalSection
EndGlobal
